// !$*UTF8*$!
{
	archiveVersion = 1;
	classes = {
	};
	objectVersion = 56;
	objects = {

/* Begin PBXBuildFile section */
		135685EA29ECDD9100C7EA9A /* AppDelegate.swift in Sources */ = {isa = PBXBuildFile; fileRef = 135685E929ECDD9100C7EA9A /* AppDelegate.swift */; };
		135685EC29ECDD9100C7EA9A /* ContentView.swift in Sources */ = {isa = PBXBuildFile; fileRef = 135685EB29ECDD9100C7EA9A /* ContentView.swift */; };
		135685EE29ECDD9100C7EA9A /* Experience.rcproject in Sources */ = {isa = PBXBuildFile; fileRef = 135685ED29ECDD9100C7EA9A /* Experience.rcproject */; };
		135685F029ECDD9200C7EA9A /* Assets.xcassets in Resources */ = {isa = PBXBuildFile; fileRef = 135685EF29ECDD9200C7EA9A /* Assets.xcassets */; };
		135685F329ECDD9200C7EA9A /* Preview Assets.xcassets in Resources */ = {isa = PBXBuildFile; fileRef = 135685F229ECDD9200C7EA9A /* Preview Assets.xcassets */; };
		1356860129ECF0D700C7EA9A /* Explore.swift in Sources */ = {isa = PBXBuildFile; fileRef = 1356860029ECF0D700C7EA9A /* Explore.swift */; };
		1356860629ECF39A00C7EA9A /* ImagePicker.swift in Sources */ = {isa = PBXBuildFile; fileRef = 1356860529ECF39A00C7EA9A /* ImagePicker.swift */; };
		1356860829ECF3E100C7EA9A /* CommunityPostsViewModel.swift in Sources */ = {isa = PBXBuildFile; fileRef = 1356860729ECF3E100C7EA9A /* CommunityPostsViewModel.swift */; };
		1356860A29ECF41C00C7EA9A /* CommunityPosts.swift in Sources */ = {isa = PBXBuildFile; fileRef = 1356860929ECF41C00C7EA9A /* CommunityPosts.swift */; };
		1356860C29ECF43F00C7EA9A /* CommunityPost.swift in Sources */ = {isa = PBXBuildFile; fileRef = 1356860B29ECF43F00C7EA9A /* CommunityPost.swift */; };
		1356860E29ECF4A600C7EA9A /* CameraPicker.swift in Sources */ = {isa = PBXBuildFile; fileRef = 1356860D29ECF4A600C7EA9A /* CameraPicker.swift */; };
		1356861029ECF4C100C7EA9A /* RoundedImage.swift in Sources */ = {isa = PBXBuildFile; fileRef = 1356860F29ECF4C100C7EA9A /* RoundedImage.swift */; };
		1356861229ECF4DC00C7EA9A /* SquareImage.swift in Sources */ = {isa = PBXBuildFile; fileRef = 1356861129ECF4DC00C7EA9A /* SquareImage.swift */; };
		1356861629ECF74900C7EA9A /* Community.swift in Sources */ = {isa = PBXBuildFile; fileRef = 1356861529ECF74900C7EA9A /* Community.swift */; };
		1356861829ECF77100C7EA9A /* CommunityDetail.swift in Sources */ = {isa = PBXBuildFile; fileRef = 1356861729ECF77100C7EA9A /* CommunityDetail.swift */; };
		1356861B29ED0C1C00C7EA9A /* Discover.swift in Sources */ = {isa = PBXBuildFile; fileRef = 135685FC29ECEFEA00C7EA9A /* Discover.swift */; };
		13E8566729F3C4A600BEF90A /* DiscoverLocation.swift in Sources */ = {isa = PBXBuildFile; fileRef = 13E8566629F3C4A600BEF90A /* DiscoverLocation.swift */; };
		13E8566929F3C55D00BEF90A /* DiscoverLocationsViewModel.swift in Sources */ = {isa = PBXBuildFile; fileRef = 13E8566829F3C55D00BEF90A /* DiscoverLocationsViewModel.swift */; };
		13E8566B29F3C5F700BEF90A /* DiscoverLocations.swift in Sources */ = {isa = PBXBuildFile; fileRef = 13E8566A29F3C5F700BEF90A /* DiscoverLocations.swift */; };
		13E8566D29F3C81D00BEF90A /* DiscoverLocationsList.swift in Sources */ = {isa = PBXBuildFile; fileRef = 13E8566C29F3C81D00BEF90A /* DiscoverLocationsList.swift */; };
		13E8566F29F3C84300BEF90A /* DiscoverLocationPreview.swift in Sources */ = {isa = PBXBuildFile; fileRef = 13E8566E29F3C84300BEF90A /* DiscoverLocationPreview.swift */; };
		13E8567129F3C87C00BEF90A /* DiscoverLocationMapAnnotation.swift in Sources */ = {isa = PBXBuildFile; fileRef = 13E8567029F3C87C00BEF90A /* DiscoverLocationMapAnnotation.swift */; };
		13E8567329F3C89F00BEF90A /* DiscoverLocationDetail.swift in Sources */ = {isa = PBXBuildFile; fileRef = 13E8567229F3C89F00BEF90A /* DiscoverLocationDetail.swift */; };
		13E8567529F3D1AE00BEF90A /* Collection.swift in Sources */ = {isa = PBXBuildFile; fileRef = 13E8567429F3D1AE00BEF90A /* Collection.swift */; };
		13E8567829F3D31000BEF90A /* CollectionBadge.swift in Sources */ = {isa = PBXBuildFile; fileRef = 13E8567729F3D31000BEF90A /* CollectionBadge.swift */; };
		13E8567A29F3D32000BEF90A /* CollectionBadges.swift in Sources */ = {isa = PBXBuildFile; fileRef = 13E8567929F3D32000BEF90A /* CollectionBadges.swift */; };
		13E8567C29F3D61F00BEF90A /* CollectionBadgesViewModel.swift in Sources */ = {isa = PBXBuildFile; fileRef = 13E8567B29F3D61F00BEF90A /* CollectionBadgesViewModel.swift */; };
		13E8567E29F3D94C00BEF90A /* CollectionRow.swift in Sources */ = {isa = PBXBuildFile; fileRef = 13E8567D29F3D94C00BEF90A /* CollectionRow.swift */; };
		13E8568029F3DA4B00BEF90A /* CollectionBadgeIcon.swift in Sources */ = {isa = PBXBuildFile; fileRef = 13E8567F29F3DA4B00BEF90A /* CollectionBadgeIcon.swift */; };
		13E8568229F617ED00BEF90A /* CollectionBadgeDetail.swift in Sources */ = {isa = PBXBuildFile; fileRef = 13E8568129F617ED00BEF90A /* CollectionBadgeDetail.swift */; };
/* End PBXBuildFile section */

/* Begin PBXFileReference section */
		135685E629ECDD9100C7EA9A /* Outlandia.app */ = {isa = PBXFileReference; explicitFileType = wrapper.application; includeInIndex = 0; path = Outlandia.app; sourceTree = BUILT_PRODUCTS_DIR; };
		135685E929ECDD9100C7EA9A /* AppDelegate.swift */ = {isa = PBXFileReference; lastKnownFileType = sourcecode.swift; path = AppDelegate.swift; sourceTree = "<group>"; };
		135685EB29ECDD9100C7EA9A /* ContentView.swift */ = {isa = PBXFileReference; lastKnownFileType = sourcecode.swift; path = ContentView.swift; sourceTree = "<group>"; };
		135685ED29ECDD9100C7EA9A /* Experience.rcproject */ = {isa = PBXFileReference; lastKnownFileType = file.rcproject; path = Experience.rcproject; sourceTree = "<group>"; };
		135685EF29ECDD9200C7EA9A /* Assets.xcassets */ = {isa = PBXFileReference; lastKnownFileType = folder.assetcatalog; path = Assets.xcassets; sourceTree = "<group>"; };
		135685F229ECDD9200C7EA9A /* Preview Assets.xcassets */ = {isa = PBXFileReference; lastKnownFileType = folder.assetcatalog; path = "Preview Assets.xcassets"; sourceTree = "<group>"; };
		135685FC29ECEFEA00C7EA9A /* Discover.swift */ = {isa = PBXFileReference; lastKnownFileType = sourcecode.swift; path = Discover.swift; sourceTree = "<group>"; };
		1356860029ECF0D700C7EA9A /* Explore.swift */ = {isa = PBXFileReference; lastKnownFileType = sourcecode.swift; path = Explore.swift; sourceTree = "<group>"; };
		1356860529ECF39A00C7EA9A /* ImagePicker.swift */ = {isa = PBXFileReference; lastKnownFileType = sourcecode.swift; path = ImagePicker.swift; sourceTree = "<group>"; };
		1356860729ECF3E100C7EA9A /* CommunityPostsViewModel.swift */ = {isa = PBXFileReference; lastKnownFileType = sourcecode.swift; path = CommunityPostsViewModel.swift; sourceTree = "<group>"; };
		1356860929ECF41C00C7EA9A /* CommunityPosts.swift */ = {isa = PBXFileReference; lastKnownFileType = sourcecode.swift; path = CommunityPosts.swift; sourceTree = "<group>"; };
		1356860B29ECF43F00C7EA9A /* CommunityPost.swift */ = {isa = PBXFileReference; lastKnownFileType = sourcecode.swift; path = CommunityPost.swift; sourceTree = "<group>"; };
		1356860D29ECF4A600C7EA9A /* CameraPicker.swift */ = {isa = PBXFileReference; lastKnownFileType = sourcecode.swift; path = CameraPicker.swift; sourceTree = "<group>"; };
		1356860F29ECF4C100C7EA9A /* RoundedImage.swift */ = {isa = PBXFileReference; lastKnownFileType = sourcecode.swift; path = RoundedImage.swift; sourceTree = "<group>"; };
		1356861129ECF4DC00C7EA9A /* SquareImage.swift */ = {isa = PBXFileReference; lastKnownFileType = sourcecode.swift; path = SquareImage.swift; sourceTree = "<group>"; };
		1356861529ECF74900C7EA9A /* Community.swift */ = {isa = PBXFileReference; lastKnownFileType = sourcecode.swift; path = Community.swift; sourceTree = "<group>"; };
		1356861729ECF77100C7EA9A /* CommunityDetail.swift */ = {isa = PBXFileReference; lastKnownFileType = sourcecode.swift; path = CommunityDetail.swift; sourceTree = "<group>"; };
		13E8566629F3C4A600BEF90A /* DiscoverLocation.swift */ = {isa = PBXFileReference; lastKnownFileType = sourcecode.swift; path = DiscoverLocation.swift; sourceTree = "<group>"; };
		13E8566829F3C55D00BEF90A /* DiscoverLocationsViewModel.swift */ = {isa = PBXFileReference; lastKnownFileType = sourcecode.swift; path = DiscoverLocationsViewModel.swift; sourceTree = "<group>"; };
		13E8566A29F3C5F700BEF90A /* DiscoverLocations.swift */ = {isa = PBXFileReference; lastKnownFileType = sourcecode.swift; path = DiscoverLocations.swift; sourceTree = "<group>"; };
		13E8566C29F3C81D00BEF90A /* DiscoverLocationsList.swift */ = {isa = PBXFileReference; lastKnownFileType = sourcecode.swift; path = DiscoverLocationsList.swift; sourceTree = "<group>"; };
		13E8566E29F3C84300BEF90A /* DiscoverLocationPreview.swift */ = {isa = PBXFileReference; lastKnownFileType = sourcecode.swift; path = DiscoverLocationPreview.swift; sourceTree = "<group>"; };
		13E8567029F3C87C00BEF90A /* DiscoverLocationMapAnnotation.swift */ = {isa = PBXFileReference; lastKnownFileType = sourcecode.swift; path = DiscoverLocationMapAnnotation.swift; sourceTree = "<group>"; };
		13E8567229F3C89F00BEF90A /* DiscoverLocationDetail.swift */ = {isa = PBXFileReference; lastKnownFileType = sourcecode.swift; path = DiscoverLocationDetail.swift; sourceTree = "<group>"; };
		13E8567429F3D1AE00BEF90A /* Collection.swift */ = {isa = PBXFileReference; lastKnownFileType = sourcecode.swift; path = Collection.swift; sourceTree = "<group>"; };
		13E8567729F3D31000BEF90A /* CollectionBadge.swift */ = {isa = PBXFileReference; lastKnownFileType = sourcecode.swift; path = CollectionBadge.swift; sourceTree = "<group>"; };
		13E8567929F3D32000BEF90A /* CollectionBadges.swift */ = {isa = PBXFileReference; lastKnownFileType = sourcecode.swift; path = CollectionBadges.swift; sourceTree = "<group>"; };
		13E8567B29F3D61F00BEF90A /* CollectionBadgesViewModel.swift */ = {isa = PBXFileReference; lastKnownFileType = sourcecode.swift; path = CollectionBadgesViewModel.swift; sourceTree = "<group>"; };
		13E8567D29F3D94C00BEF90A /* CollectionRow.swift */ = {isa = PBXFileReference; lastKnownFileType = sourcecode.swift; path = CollectionRow.swift; sourceTree = "<group>"; };
		13E8567F29F3DA4B00BEF90A /* CollectionBadgeIcon.swift */ = {isa = PBXFileReference; lastKnownFileType = sourcecode.swift; path = CollectionBadgeIcon.swift; sourceTree = "<group>"; };
		13E8568129F617ED00BEF90A /* CollectionBadgeDetail.swift */ = {isa = PBXFileReference; lastKnownFileType = sourcecode.swift; path = CollectionBadgeDetail.swift; sourceTree = "<group>"; };
/* End PBXFileReference section */

/* Begin PBXFrameworksBuildPhase section */
		135685E329ECDD9100C7EA9A /* Frameworks */ = {
			isa = PBXFrameworksBuildPhase;
			buildActionMask = 2147483647;
			files = (
			);
			runOnlyForDeploymentPostprocessing = 0;
		};
/* End PBXFrameworksBuildPhase section */

/* Begin PBXGroup section */
		135685DD29ECDD9100C7EA9A = {
			isa = PBXGroup;
			children = (
				135685E829ECDD9100C7EA9A /* Outlandia */,
				135685E729ECDD9100C7EA9A /* Products */,
			);
			sourceTree = "<group>";
		};
		135685E729ECDD9100C7EA9A /* Products */ = {
			isa = PBXGroup;
			children = (
				135685E629ECDD9100C7EA9A /* Outlandia.app */,
			);
			name = Products;
			sourceTree = "<group>";
		};
		135685E829ECDD9100C7EA9A /* Outlandia */ = {
			isa = PBXGroup;
			children = (
				135685FA29ECEF4A00C7EA9A /* Model */,
				13E8567629F3D2B600BEF90A /* Collection */,
				135685F929ECEF3A00C7EA9A /* View */,
				135685FB29ECEF5900C7EA9A /* ViewModel */,
				135685E929ECDD9100C7EA9A /* AppDelegate.swift */,
				135685ED29ECDD9100C7EA9A /* Experience.rcproject */,
				135685EF29ECDD9200C7EA9A /* Assets.xcassets */,
				135685F129ECDD9200C7EA9A /* Preview Content */,
			);
			path = Outlandia;
			sourceTree = "<group>";
		};
		135685F129ECDD9200C7EA9A /* Preview Content */ = {
			isa = PBXGroup;
			children = (
				135685F229ECDD9200C7EA9A /* Preview Assets.xcassets */,
			);
			path = "Preview Content";
			sourceTree = "<group>";
		};
		135685F929ECEF3A00C7EA9A /* View */ = {
			isa = PBXGroup;
			children = (
				135685EB29ECDD9100C7EA9A /* ContentView.swift */,
				1356860429ECF37300C7EA9A /* Helper Views */,
				13E8566229F3BC4300BEF90A /* Discover */,
				1356861329ECF72200C7EA9A /* Community */,
				13E8566329F3BC5800BEF90A /* Collection */,
				13E8566429F3BC6B00BEF90A /* Explore */,
			);
			path = View;
			sourceTree = "<group>";
		};
		135685FA29ECEF4A00C7EA9A /* Model */ = {
			isa = PBXGroup;
			children = (
				13E8566529F3C48800BEF90A /* Discover */,
				13E8566129F3B8DA00BEF90A /* Community */,
			);
			path = Model;
			sourceTree = "<group>";
		};
		135685FB29ECEF5900C7EA9A /* ViewModel */ = {
			isa = PBXGroup;
			children = (
				1356860729ECF3E100C7EA9A /* CommunityPostsViewModel.swift */,
				13E8566829F3C55D00BEF90A /* DiscoverLocationsViewModel.swift */,
				13E8567B29F3D61F00BEF90A /* CollectionBadgesViewModel.swift */,
			);
			path = ViewModel;
			sourceTree = "<group>";
		};
		1356860429ECF37300C7EA9A /* Helper Views */ = {
			isa = PBXGroup;
			children = (
				1356860529ECF39A00C7EA9A /* ImagePicker.swift */,
				1356860D29ECF4A600C7EA9A /* CameraPicker.swift */,
				1356860F29ECF4C100C7EA9A /* RoundedImage.swift */,
				1356861129ECF4DC00C7EA9A /* SquareImage.swift */,
			);
			path = "Helper Views";
			sourceTree = "<group>";
		};
		1356861329ECF72200C7EA9A /* Community */ = {
			isa = PBXGroup;
			children = (
				1356861729ECF77100C7EA9A /* CommunityDetail.swift */,
				1356861529ECF74900C7EA9A /* Community.swift */,
			);
			path = Community;
			sourceTree = "<group>";
		};
		13E8566129F3B8DA00BEF90A /* Community */ = {
			isa = PBXGroup;
			children = (
				1356860B29ECF43F00C7EA9A /* CommunityPost.swift */,
				1356860929ECF41C00C7EA9A /* CommunityPosts.swift */,
			);
			path = Community;
			sourceTree = "<group>";
		};
		13E8566229F3BC4300BEF90A /* Discover */ = {
			isa = PBXGroup;
			children = (
				135685FC29ECEFEA00C7EA9A /* Discover.swift */,
				13E8566C29F3C81D00BEF90A /* DiscoverLocationsList.swift */,
				13E8566E29F3C84300BEF90A /* DiscoverLocationPreview.swift */,
				13E8567029F3C87C00BEF90A /* DiscoverLocationMapAnnotation.swift */,
				13E8567229F3C89F00BEF90A /* DiscoverLocationDetail.swift */,
			);
			path = Discover;
			sourceTree = "<group>";
		};
		13E8566329F3BC5800BEF90A /* Collection */ = {
			isa = PBXGroup;
			children = (
				13E8567429F3D1AE00BEF90A /* Collection.swift */,
				13E8567D29F3D94C00BEF90A /* CollectionRow.swift */,
				13E8567F29F3DA4B00BEF90A /* CollectionBadgeIcon.swift */,
				13E8568129F617ED00BEF90A /* CollectionBadgeDetail.swift */,
			);
			path = Collection;
			sourceTree = "<group>";
		};
		13E8566429F3BC6B00BEF90A /* Explore */ = {
			isa = PBXGroup;
			children = (
				1356860029ECF0D700C7EA9A /* Explore.swift */,
			);
			path = Explore;
			sourceTree = "<group>";
		};
		13E8566529F3C48800BEF90A /* Discover */ = {
			isa = PBXGroup;
			children = (
				13E8566629F3C4A600BEF90A /* DiscoverLocation.swift */,
				13E8566A29F3C5F700BEF90A /* DiscoverLocations.swift */,
			);
			path = Discover;
			sourceTree = "<group>";
		};
		13E8567629F3D2B600BEF90A /* Collection */ = {
			isa = PBXGroup;
			children = (
				13E8567729F3D31000BEF90A /* CollectionBadge.swift */,
				13E8567929F3D32000BEF90A /* CollectionBadges.swift */,
			);
			path = Collection;
			sourceTree = "<group>";
		};
/* End PBXGroup section */

/* Begin PBXNativeTarget section */
		135685E529ECDD9100C7EA9A /* Outlandia */ = {
			isa = PBXNativeTarget;
			buildConfigurationList = 135685F629ECDD9200C7EA9A /* Build configuration list for PBXNativeTarget "Outlandia" */;
			buildPhases = (
				135685E229ECDD9100C7EA9A /* Sources */,
				135685E329ECDD9100C7EA9A /* Frameworks */,
				135685E429ECDD9100C7EA9A /* Resources */,
			);
			buildRules = (
			);
			dependencies = (
			);
			name = Outlandia;
			productName = Outlandia;
			productReference = 135685E629ECDD9100C7EA9A /* Outlandia.app */;
			productType = "com.apple.product-type.application";
		};
/* End PBXNativeTarget section */

/* Begin PBXProject section */
		135685DE29ECDD9100C7EA9A /* Project object */ = {
			isa = PBXProject;
			attributes = {
				BuildIndependentTargetsInParallel = 1;
				LastSwiftUpdateCheck = 1420;
				LastUpgradeCheck = 1420;
				TargetAttributes = {
					135685E529ECDD9100C7EA9A = {
						CreatedOnToolsVersion = 14.2;
					};
				};
			};
			buildConfigurationList = 135685E129ECDD9100C7EA9A /* Build configuration list for PBXProject "Outlandia" */;
			compatibilityVersion = "Xcode 14.0";
			developmentRegion = en;
			hasScannedForEncodings = 0;
			knownRegions = (
				en,
				Base,
			);
			mainGroup = 135685DD29ECDD9100C7EA9A;
			productRefGroup = 135685E729ECDD9100C7EA9A /* Products */;
			projectDirPath = "";
			projectRoot = "";
			targets = (
				135685E529ECDD9100C7EA9A /* Outlandia */,
			);
		};
/* End PBXProject section */

/* Begin PBXResourcesBuildPhase section */
		135685E429ECDD9100C7EA9A /* Resources */ = {
			isa = PBXResourcesBuildPhase;
			buildActionMask = 2147483647;
			files = (
				135685F329ECDD9200C7EA9A /* Preview Assets.xcassets in Resources */,
				135685F029ECDD9200C7EA9A /* Assets.xcassets in Resources */,
			);
			runOnlyForDeploymentPostprocessing = 0;
		};
/* End PBXResourcesBuildPhase section */

/* Begin PBXSourcesBuildPhase section */
		135685E229ECDD9100C7EA9A /* Sources */ = {
			isa = PBXSourcesBuildPhase;
			buildActionMask = 2147483647;
			files = (
				13E8567129F3C87C00BEF90A /* DiscoverLocationMapAnnotation.swift in Sources */,
				1356861229ECF4DC00C7EA9A /* SquareImage.swift in Sources */,
				13E8568229F617ED00BEF90A /* CollectionBadgeDetail.swift in Sources */,
				13E8567C29F3D61F00BEF90A /* CollectionBadgesViewModel.swift in Sources */,
				13E8566D29F3C81D00BEF90A /* DiscoverLocationsList.swift in Sources */,
				1356861629ECF74900C7EA9A /* Community.swift in Sources */,
				13E8566729F3C4A600BEF90A /* DiscoverLocation.swift in Sources */,
				1356860C29ECF43F00C7EA9A /* CommunityPost.swift in Sources */,
				1356861829ECF77100C7EA9A /* CommunityDetail.swift in Sources */,
				13E8567829F3D31000BEF90A /* CollectionBadge.swift in Sources */,
				13E8566B29F3C5F700BEF90A /* DiscoverLocations.swift in Sources */,
				1356860A29ECF41C00C7EA9A /* CommunityPosts.swift in Sources */,
				1356860129ECF0D700C7EA9A /* Explore.swift in Sources */,
				13E8566F29F3C84300BEF90A /* DiscoverLocationPreview.swift in Sources */,
				1356860E29ECF4A600C7EA9A /* CameraPicker.swift in Sources */,
				13E8568029F3DA4B00BEF90A /* CollectionBadgeIcon.swift in Sources */,
				13E8566929F3C55D00BEF90A /* DiscoverLocationsViewModel.swift in Sources */,
				1356861B29ED0C1C00C7EA9A /* Discover.swift in Sources */,
				1356861029ECF4C100C7EA9A /* RoundedImage.swift in Sources */,
				13E8567A29F3D32000BEF90A /* CollectionBadges.swift in Sources */,
				135685EC29ECDD9100C7EA9A /* ContentView.swift in Sources */,
				13E8567529F3D1AE00BEF90A /* Collection.swift in Sources */,
				1356860629ECF39A00C7EA9A /* ImagePicker.swift in Sources */,
				135685EA29ECDD9100C7EA9A /* AppDelegate.swift in Sources */,
				13E8567E29F3D94C00BEF90A /* CollectionRow.swift in Sources */,
				1356860829ECF3E100C7EA9A /* CommunityPostsViewModel.swift in Sources */,
				135685EE29ECDD9100C7EA9A /* Experience.rcproject in Sources */,
				13E8567329F3C89F00BEF90A /* DiscoverLocationDetail.swift in Sources */,
			);
			runOnlyForDeploymentPostprocessing = 0;
		};
/* End PBXSourcesBuildPhase section */

/* Begin XCBuildConfiguration section */
		135685F429ECDD9200C7EA9A /* Debug */ = {
			isa = XCBuildConfiguration;
			buildSettings = {
				ALWAYS_SEARCH_USER_PATHS = NO;
				CLANG_ANALYZER_NONNULL = YES;
				CLANG_ANALYZER_NUMBER_OBJECT_CONVERSION = YES_AGGRESSIVE;
				CLANG_CXX_LANGUAGE_STANDARD = "gnu++20";
				CLANG_ENABLE_MODULES = YES;
				CLANG_ENABLE_OBJC_ARC = YES;
				CLANG_ENABLE_OBJC_WEAK = YES;
				CLANG_WARN_BLOCK_CAPTURE_AUTORELEASING = YES;
				CLANG_WARN_BOOL_CONVERSION = YES;
				CLANG_WARN_COMMA = YES;
				CLANG_WARN_CONSTANT_CONVERSION = YES;
				CLANG_WARN_DEPRECATED_OBJC_IMPLEMENTATIONS = YES;
				CLANG_WARN_DIRECT_OBJC_ISA_USAGE = YES_ERROR;
				CLANG_WARN_DOCUMENTATION_COMMENTS = YES;
				CLANG_WARN_EMPTY_BODY = YES;
				CLANG_WARN_ENUM_CONVERSION = YES;
				CLANG_WARN_INFINITE_RECURSION = YES;
				CLANG_WARN_INT_CONVERSION = YES;
				CLANG_WARN_NON_LITERAL_NULL_CONVERSION = YES;
				CLANG_WARN_OBJC_IMPLICIT_RETAIN_SELF = YES;
				CLANG_WARN_OBJC_LITERAL_CONVERSION = YES;
				CLANG_WARN_OBJC_ROOT_CLASS = YES_ERROR;
				CLANG_WARN_QUOTED_INCLUDE_IN_FRAMEWORK_HEADER = YES;
				CLANG_WARN_RANGE_LOOP_ANALYSIS = YES;
				CLANG_WARN_STRICT_PROTOTYPES = YES;
				CLANG_WARN_SUSPICIOUS_MOVE = YES;
				CLANG_WARN_UNGUARDED_AVAILABILITY = YES_AGGRESSIVE;
				CLANG_WARN_UNREACHABLE_CODE = YES;
				CLANG_WARN__DUPLICATE_METHOD_MATCH = YES;
				COPY_PHASE_STRIP = NO;
				DEBUG_INFORMATION_FORMAT = dwarf;
				ENABLE_STRICT_OBJC_MSGSEND = YES;
				ENABLE_TESTABILITY = YES;
				GCC_C_LANGUAGE_STANDARD = gnu11;
				GCC_DYNAMIC_NO_PIC = NO;
				GCC_NO_COMMON_BLOCKS = YES;
				GCC_OPTIMIZATION_LEVEL = 0;
				GCC_PREPROCESSOR_DEFINITIONS = (
					"DEBUG=1",
					"$(inherited)",
				);
				GCC_WARN_64_TO_32_BIT_CONVERSION = YES;
				GCC_WARN_ABOUT_RETURN_TYPE = YES_ERROR;
				GCC_WARN_UNDECLARED_SELECTOR = YES;
				GCC_WARN_UNINITIALIZED_AUTOS = YES_AGGRESSIVE;
				GCC_WARN_UNUSED_FUNCTION = YES;
				GCC_WARN_UNUSED_VARIABLE = YES;
				IPHONEOS_DEPLOYMENT_TARGET = 16.2;
				MTL_ENABLE_DEBUG_INFO = INCLUDE_SOURCE;
				MTL_FAST_MATH = YES;
				ONLY_ACTIVE_ARCH = YES;
				SDKROOT = iphoneos;
				SWIFT_ACTIVE_COMPILATION_CONDITIONS = DEBUG;
				SWIFT_OPTIMIZATION_LEVEL = "-Onone";
			};
			name = Debug;
		};
		135685F529ECDD9200C7EA9A /* Release */ = {
			isa = XCBuildConfiguration;
			buildSettings = {
				ALWAYS_SEARCH_USER_PATHS = NO;
				CLANG_ANALYZER_NONNULL = YES;
				CLANG_ANALYZER_NUMBER_OBJECT_CONVERSION = YES_AGGRESSIVE;
				CLANG_CXX_LANGUAGE_STANDARD = "gnu++20";
				CLANG_ENABLE_MODULES = YES;
				CLANG_ENABLE_OBJC_ARC = YES;
				CLANG_ENABLE_OBJC_WEAK = YES;
				CLANG_WARN_BLOCK_CAPTURE_AUTORELEASING = YES;
				CLANG_WARN_BOOL_CONVERSION = YES;
				CLANG_WARN_COMMA = YES;
				CLANG_WARN_CONSTANT_CONVERSION = YES;
				CLANG_WARN_DEPRECATED_OBJC_IMPLEMENTATIONS = YES;
				CLANG_WARN_DIRECT_OBJC_ISA_USAGE = YES_ERROR;
				CLANG_WARN_DOCUMENTATION_COMMENTS = YES;
				CLANG_WARN_EMPTY_BODY = YES;
				CLANG_WARN_ENUM_CONVERSION = YES;
				CLANG_WARN_INFINITE_RECURSION = YES;
				CLANG_WARN_INT_CONVERSION = YES;
				CLANG_WARN_NON_LITERAL_NULL_CONVERSION = YES;
				CLANG_WARN_OBJC_IMPLICIT_RETAIN_SELF = YES;
				CLANG_WARN_OBJC_LITERAL_CONVERSION = YES;
				CLANG_WARN_OBJC_ROOT_CLASS = YES_ERROR;
				CLANG_WARN_QUOTED_INCLUDE_IN_FRAMEWORK_HEADER = YES;
				CLANG_WARN_RANGE_LOOP_ANALYSIS = YES;
				CLANG_WARN_STRICT_PROTOTYPES = YES;
				CLANG_WARN_SUSPICIOUS_MOVE = YES;
				CLANG_WARN_UNGUARDED_AVAILABILITY = YES_AGGRESSIVE;
				CLANG_WARN_UNREACHABLE_CODE = YES;
				CLANG_WARN__DUPLICATE_METHOD_MATCH = YES;
				COPY_PHASE_STRIP = NO;
				DEBUG_INFORMATION_FORMAT = "dwarf-with-dsym";
				ENABLE_NS_ASSERTIONS = NO;
				ENABLE_STRICT_OBJC_MSGSEND = YES;
				GCC_C_LANGUAGE_STANDARD = gnu11;
				GCC_NO_COMMON_BLOCKS = YES;
				GCC_WARN_64_TO_32_BIT_CONVERSION = YES;
				GCC_WARN_ABOUT_RETURN_TYPE = YES_ERROR;
				GCC_WARN_UNDECLARED_SELECTOR = YES;
				GCC_WARN_UNINITIALIZED_AUTOS = YES_AGGRESSIVE;
				GCC_WARN_UNUSED_FUNCTION = YES;
				GCC_WARN_UNUSED_VARIABLE = YES;
				IPHONEOS_DEPLOYMENT_TARGET = 16.2;
				MTL_ENABLE_DEBUG_INFO = NO;
				MTL_FAST_MATH = YES;
				SDKROOT = iphoneos;
				SWIFT_COMPILATION_MODE = wholemodule;
				SWIFT_OPTIMIZATION_LEVEL = "-O";
				VALIDATE_PRODUCT = YES;
			};
			name = Release;
		};
		135685F729ECDD9200C7EA9A /* Debug */ = {
			isa = XCBuildConfiguration;
			buildSettings = {
				ASSETCATALOG_COMPILER_APPICON_NAME = AppIcon;
				ASSETCATALOG_COMPILER_GLOBAL_ACCENT_COLOR_NAME = AccentColor;
				CODE_SIGN_STYLE = Automatic;
				CURRENT_PROJECT_VERSION = 1;
				DEVELOPMENT_ASSET_PATHS = "\"Outlandia/Preview Content\"";
				DEVELOPMENT_TEAM = E99EFNCF8Y;
				ENABLE_PREVIEWS = YES;
				GENERATE_INFOPLIST_FILE = YES;
				INFOPLIST_KEY_NSCameraUsageDescription = "";
				INFOPLIST_KEY_UIApplicationSupportsIndirectInputEvents = YES;
				INFOPLIST_KEY_UILaunchScreen_Generation = YES;
				INFOPLIST_KEY_UIRequiredDeviceCapabilities = arkit;
				INFOPLIST_KEY_UIStatusBarHidden = YES;
				INFOPLIST_KEY_UISupportedInterfaceOrientations_iPad = "UIInterfaceOrientationPortrait UIInterfaceOrientationPortraitUpsideDown UIInterfaceOrientationLandscapeLeft UIInterfaceOrientationLandscapeRight";
				INFOPLIST_KEY_UISupportedInterfaceOrientations_iPhone = "UIInterfaceOrientationPortrait UIInterfaceOrientationLandscapeLeft UIInterfaceOrientationLandscapeRight";
				LD_RUNPATH_SEARCH_PATHS = (
					"$(inherited)",
					"@executable_path/Frameworks",
				);
				MARKETING_VERSION = 1.0;
				PRODUCT_BUNDLE_IDENTIFIER = com.gcuesta.Outlandia;
				PRODUCT_NAME = "$(TARGET_NAME)";
				SWIFT_EMIT_LOC_STRINGS = YES;
				SWIFT_VERSION = 5.0;
				TARGETED_DEVICE_FAMILY = "1,2";
			};
			name = Debug;
		};
		135685F829ECDD9200C7EA9A /* Release */ = {
			isa = XCBuildConfiguration;
			buildSettings = {
				ASSETCATALOG_COMPILER_APPICON_NAME = AppIcon;
				ASSETCATALOG_COMPILER_GLOBAL_ACCENT_COLOR_NAME = AccentColor;
				CODE_SIGN_STYLE = Automatic;
				CURRENT_PROJECT_VERSION = 1;
				DEVELOPMENT_ASSET_PATHS = "\"Outlandia/Preview Content\"";
				DEVELOPMENT_TEAM = E99EFNCF8Y;
				ENABLE_PREVIEWS = YES;
				GENERATE_INFOPLIST_FILE = YES;
				INFOPLIST_KEY_NSCameraUsageDescription = "";
				INFOPLIST_KEY_UIApplicationSupportsIndirectInputEvents = YES;
				INFOPLIST_KEY_UILaunchScreen_Generation = YES;
				INFOPLIST_KEY_UIRequiredDeviceCapabilities = arkit;
				INFOPLIST_KEY_UIStatusBarHidden = YES;
				INFOPLIST_KEY_UISupportedInterfaceOrientations_iPad = "UIInterfaceOrientationPortrait UIInterfaceOrientationPortraitUpsideDown UIInterfaceOrientationLandscapeLeft UIInterfaceOrientationLandscapeRight";
				INFOPLIST_KEY_UISupportedInterfaceOrientations_iPhone = "UIInterfaceOrientationPortrait UIInterfaceOrientationLandscapeLeft UIInterfaceOrientationLandscapeRight";
				LD_RUNPATH_SEARCH_PATHS = (
					"$(inherited)",
					"@executable_path/Frameworks",
				);
				MARKETING_VERSION = 1.0;
				PRODUCT_BUNDLE_IDENTIFIER = com.gcuesta.Outlandia;
				PRODUCT_NAME = "$(TARGET_NAME)";
				SWIFT_EMIT_LOC_STRINGS = YES;
				SWIFT_VERSION = 5.0;
				TARGETED_DEVICE_FAMILY = "1,2";
			};
			name = Release;
		};
/* End XCBuildConfiguration section */

/* Begin XCConfigurationList section */
		135685E129ECDD9100C7EA9A /* Build configuration list for PBXProject "Outlandia" */ = {
			isa = XCConfigurationList;
			buildConfigurations = (
				135685F429ECDD9200C7EA9A /* Debug */,
				135685F529ECDD9200C7EA9A /* Release */,
			);
			defaultConfigurationIsVisible = 0;
			defaultConfigurationName = Release;
		};
		135685F629ECDD9200C7EA9A /* Build configuration list for PBXNativeTarget "Outlandia" */ = {
			isa = XCConfigurationList;
			buildConfigurations = (
				135685F729ECDD9200C7EA9A /* Debug */,
				135685F829ECDD9200C7EA9A /* Release */,
			);
			defaultConfigurationIsVisible = 0;
			defaultConfigurationName = Release;
		};
/* End XCConfigurationList section */
	};
	rootObject = 135685DE29ECDD9100C7EA9A /* Project object */;
}
